
Microsoft Visual Studio Solution File, Format Version 12.00
# Visual Studio Version 16
VisualStudioVersion = 16.0.31911.196
MinimumVisualStudioVersion = 10.0.40219.1
Project("{FAE04EC0-301F-11D3-BF4B-00C04F79EFBC}") = "HttpServer", "HttpServer\HttpServer.csproj", "{4382E403-A84E-4997-8495-A77423FDADE1}"
EndProject
Global
	GlobalSection(SolutionConfigurationPlatforms) = preSolution
		Debug|Any CPU = Debug|Any CPU
		Release|Any CPU = Release|Any CPU
	EndGlobalSection
	GlobalSection(ProjectConfigurationPlatforms) = postSolution
		{4382E403-A84E-4997-8495-A77423FDADE1}.Debug|Any CPU.ActiveCfg = Debug|Any CPU
		{4382E403-A84E-4997-8495-A77423FDADE1}.Debug|Any CPU.Build.0 = Debug|Any CPU
		{4382E403-A84E-4997-8495-A77423FDADE1}.Release|Any CPU.ActiveCfg = Release|Any CPU
		{4382E403-A84E-4997-8495-A77423FDADE1}.Release|Any CPU.Build.0 = Release|Any CPU
	EndGlobalSection
	GlobalSection(SolutionProperties) = preSolution
		HideSolutionNode = FALSE
	EndGlobalSection
	GlobalSection(ExtensibilityGlobals) = postSolution
		SolutionGuid = {136CC8EB-78A7-432C-9F2B-B7EFCD6CE5AB}
	EndGlobalSection
EndGlobal
